
Microsoft Visual Studio Solution File, Format Version 12.00
# Visual Studio Version 17
VisualStudioVersion = 17.7.34031.279
MinimumVisualStudioVersion = 10.0.40219.1
Project("{9A19103F-16F7-4668-BE54-9A1E7A4F7556}") = "Patterns.Strategy", "Patterns.Strategy\Patterns.Strategy.csproj", "{4762EAB9-BE80-4ABB-8876-B7E20B10DFFF}"
EndProject
Project("{FAE04EC0-301F-11D3-BF4B-00C04F79EFBC}") = "Patterns.TemplateMethod", "Patterns.TemplateMethod\Patterns.TemplateMethod.csproj", "{B8CDCE78-2841-4588-9499-32D4E428ABEF}"
EndProject
Global
	GlobalSection(SolutionConfigurationPlatforms) = preSolution
		Debug|Any CPU = Debug|Any CPU
		Release|Any CPU = Release|Any CPU
	EndGlobalSection
	GlobalSection(ProjectConfigurationPlatforms) = postSolution
		{4762EAB9-BE80-4ABB-8876-B7E20B10DFFF}.Debug|Any CPU.ActiveCfg = Debug|Any CPU
		{4762EAB9-BE80-4ABB-8876-B7E20B10DFFF}.Debug|Any CPU.Build.0 = Debug|Any CPU
		{4762EAB9-BE80-4ABB-8876-B7E20B10DFFF}.Release|Any CPU.ActiveCfg = Release|Any CPU
		{4762EAB9-BE80-4ABB-8876-B7E20B10DFFF}.Release|Any CPU.Build.0 = Release|Any CPU
		{B8CDCE78-2841-4588-9499-32D4E428ABEF}.Debug|Any CPU.ActiveCfg = Debug|Any CPU
		{B8CDCE78-2841-4588-9499-32D4E428ABEF}.Debug|Any CPU.Build.0 = Debug|Any CPU
		{B8CDCE78-2841-4588-9499-32D4E428ABEF}.Release|Any CPU.ActiveCfg = Release|Any CPU
		{B8CDCE78-2841-4588-9499-32D4E428ABEF}.Release|Any CPU.Build.0 = Release|Any CPU
	EndGlobalSection
	GlobalSection(SolutionProperties) = preSolution
		HideSolutionNode = FALSE
	EndGlobalSection
	GlobalSection(ExtensibilityGlobals) = postSolution
		SolutionGuid = {FDE72AE9-E8CA-464B-8271-408E3584E6D6}
	EndGlobalSection
EndGlobal
